
Microsoft Visual Studio Solution File, Format Version 12.00
Project("{FAE04EC0-301F-11D3-BF4B-00C04F79EFBC}") = "mapping", "mapping\mapping.csproj", "{A84B5437-1CE7-4ECC-81A0-8121ED183DA0}"
EndProject
Project("{FAE04EC0-301F-11D3-BF4B-00C04F79EFBC}") = "Preverse", "Preverse\Preverse.csproj", "{66D73109-37C2-4D11-A4FF-710D1A9FA7A8}"
EndProject
Project("{FAE04EC0-301F-11D3-BF4B-00C04F79EFBC}") = "JsonSamples", "JsonSamples\JsonSamples.csproj", "{509DFFAF-B43E-4FDA-ABCE-5BACC9F35A18}"
EndProject
Global
	GlobalSection(SolutionConfigurationPlatforms) = preSolution
		Debug|Any CPU = Debug|Any CPU
		Release|Any CPU = Release|Any CPU
	EndGlobalSection
	GlobalSection(ProjectConfigurationPlatforms) = postSolution
		{A84B5437-1CE7-4ECC-81A0-8121ED183DA0}.Debug|Any CPU.ActiveCfg = Debug|Any CPU
		{A84B5437-1CE7-4ECC-81A0-8121ED183DA0}.Debug|Any CPU.Build.0 = Debug|Any CPU
		{A84B5437-1CE7-4ECC-81A0-8121ED183DA0}.Release|Any CPU.ActiveCfg = Release|Any CPU
		{A84B5437-1CE7-4ECC-81A0-8121ED183DA0}.Release|Any CPU.Build.0 = Release|Any CPU
		{66D73109-37C2-4D11-A4FF-710D1A9FA7A8}.Debug|Any CPU.ActiveCfg = Debug|Any CPU
		{66D73109-37C2-4D11-A4FF-710D1A9FA7A8}.Debug|Any CPU.Build.0 = Debug|Any CPU
		{66D73109-37C2-4D11-A4FF-710D1A9FA7A8}.Release|Any CPU.ActiveCfg = Release|Any CPU
		{66D73109-37C2-4D11-A4FF-710D1A9FA7A8}.Release|Any CPU.Build.0 = Release|Any CPU
		{509DFFAF-B43E-4FDA-ABCE-5BACC9F35A18}.Debug|Any CPU.ActiveCfg = Debug|Any CPU
		{509DFFAF-B43E-4FDA-ABCE-5BACC9F35A18}.Debug|Any CPU.Build.0 = Debug|Any CPU
		{509DFFAF-B43E-4FDA-ABCE-5BACC9F35A18}.Release|Any CPU.ActiveCfg = Release|Any CPU
		{509DFFAF-B43E-4FDA-ABCE-5BACC9F35A18}.Release|Any CPU.Build.0 = Release|Any CPU
	EndGlobalSection
EndGlobal
