
Microsoft Visual Studio Solution File, Format Version 12.00
Project("{FAE04EC0-301F-11D3-BF4B-00C04F79EFBC}") = "Books", "Books\Books.csproj", "{224D117C-53C3-45C2-8A5D-60F820482570}"
EndProject
Project("{FAE04EC0-301F-11D3-BF4B-00C04F79EFBC}") = "Reversing", "Reversing\Reversing.csproj", "{6096D043-609E-460B-B5C4-B8417619EE74}"
EndProject
Global
	GlobalSection(SolutionConfigurationPlatforms) = preSolution
		Debug|Any CPU = Debug|Any CPU
		Release|Any CPU = Release|Any CPU
	EndGlobalSection
	GlobalSection(ProjectConfigurationPlatforms) = postSolution
		{224D117C-53C3-45C2-8A5D-60F820482570}.Debug|Any CPU.ActiveCfg = Debug|Any CPU
		{224D117C-53C3-45C2-8A5D-60F820482570}.Debug|Any CPU.Build.0 = Debug|Any CPU
		{224D117C-53C3-45C2-8A5D-60F820482570}.Release|Any CPU.ActiveCfg = Release|Any CPU
		{224D117C-53C3-45C2-8A5D-60F820482570}.Release|Any CPU.Build.0 = Release|Any CPU
		{6096D043-609E-460B-B5C4-B8417619EE74}.Debug|Any CPU.ActiveCfg = Debug|Any CPU
		{6096D043-609E-460B-B5C4-B8417619EE74}.Debug|Any CPU.Build.0 = Debug|Any CPU
		{6096D043-609E-460B-B5C4-B8417619EE74}.Release|Any CPU.ActiveCfg = Release|Any CPU
		{6096D043-609E-460B-B5C4-B8417619EE74}.Release|Any CPU.Build.0 = Release|Any CPU
	EndGlobalSection
EndGlobal
