
Microsoft Visual Studio Solution File, Format Version 12.00
Project("{FAE04EC0-301F-11D3-BF4B-00C04F79EFBC}") = "dummycommerce", "dummycommerce\dummycommerce.csproj", "{F4C9BF98-1375-401E-BF99-CAA35F365AC4}"
EndProject
Project("{FAE04EC0-301F-11D3-BF4B-00C04F79EFBC}") = "EmptyCommerce", "EmptyCommerce\EmptyCommerce.csproj", "{49B278C1-DA45-41AA-8D07-EFD87D7FB505}"
EndProject
Global
	GlobalSection(SolutionConfigurationPlatforms) = preSolution
		Debug|Any CPU = Debug|Any CPU
		Release|Any CPU = Release|Any CPU
	EndGlobalSection
	GlobalSection(ProjectConfigurationPlatforms) = postSolution
		{F4C9BF98-1375-401E-BF99-CAA35F365AC4}.Debug|Any CPU.ActiveCfg = Debug|Any CPU
		{F4C9BF98-1375-401E-BF99-CAA35F365AC4}.Debug|Any CPU.Build.0 = Debug|Any CPU
		{F4C9BF98-1375-401E-BF99-CAA35F365AC4}.Release|Any CPU.ActiveCfg = Release|Any CPU
		{F4C9BF98-1375-401E-BF99-CAA35F365AC4}.Release|Any CPU.Build.0 = Release|Any CPU
		{49B278C1-DA45-41AA-8D07-EFD87D7FB505}.Debug|Any CPU.ActiveCfg = Debug|Any CPU
		{49B278C1-DA45-41AA-8D07-EFD87D7FB505}.Debug|Any CPU.Build.0 = Debug|Any CPU
		{49B278C1-DA45-41AA-8D07-EFD87D7FB505}.Release|Any CPU.ActiveCfg = Release|Any CPU
		{49B278C1-DA45-41AA-8D07-EFD87D7FB505}.Release|Any CPU.Build.0 = Release|Any CPU
	EndGlobalSection
EndGlobal
